
Microsoft Visual Studio Solution File, Format Version 12.00
# Visual Studio Version 16
VisualStudioVersion = 16.0.32002.261
MinimumVisualStudioVersion = 10.0.40219.1
Project("{F2A71F9B-5D33-465A-A702-920D77279786}") = "Movie Project Youtube Ervis Trupja 2", "Movie Project Youtube Ervis Trupja 2\Movie Project Youtube Ervis Trupja 2.fsproj", "{DF3AA556-6888-4D12-B1F6-D8D734B68A47}"
EndProject
Global
	GlobalSection(SolutionConfigurationPlatforms) = preSolution
		Debug|Any CPU = Debug|Any CPU
		Release|Any CPU = Release|Any CPU
	EndGlobalSection
	GlobalSection(ProjectConfigurationPlatforms) = postSolution
		{DF3AA556-6888-4D12-B1F6-D8D734B68A47}.Debug|Any CPU.ActiveCfg = Debug|Any CPU
		{DF3AA556-6888-4D12-B1F6-D8D734B68A47}.Debug|Any CPU.Build.0 = Debug|Any CPU
		{DF3AA556-6888-4D12-B1F6-D8D734B68A47}.Release|Any CPU.ActiveCfg = Release|Any CPU
		{DF3AA556-6888-4D12-B1F6-D8D734B68A47}.Release|Any CPU.Build.0 = Release|Any CPU
	EndGlobalSection
	GlobalSection(SolutionProperties) = preSolution
		HideSolutionNode = FALSE
	EndGlobalSection
	GlobalSection(ExtensibilityGlobals) = postSolution
		SolutionGuid = {CF59B9B0-E0FE-423A-95A7-685CC17F0D52}
	EndGlobalSection
EndGlobal
